
Microsoft Visual Studio Solution File, Format Version 12.00
# Visual Studio 15
VisualStudioVersion = 15.0.28307.489
MinimumVisualStudioVersion = 10.0.40219.1
Project("{FAE04EC0-301F-11D3-BF4B-00C04F79EFBC}") = "WebApplication1", "WebApplication1\WebApplication1.csproj", "{EA6C2CBF-D718-4863-86D4-4200733CC949}"
EndProject
Global
	GlobalSection(SolutionConfigurationPlatforms) = preSolution
		Debug|Any CPU = Debug|Any CPU
		Release|Any CPU = Release|Any CPU
	EndGlobalSection
	GlobalSection(ProjectConfigurationPlatforms) = postSolution
		{EA6C2CBF-D718-4863-86D4-4200733CC949}.Debug|Any CPU.ActiveCfg = Debug|Any CPU
		{EA6C2CBF-D718-4863-86D4-4200733CC949}.Debug|Any CPU.Build.0 = Debug|Any CPU
		{EA6C2CBF-D718-4863-86D4-4200733CC949}.Release|Any CPU.ActiveCfg = Release|Any CPU
		{EA6C2CBF-D718-4863-86D4-4200733CC949}.Release|Any CPU.Build.0 = Release|Any CPU
	EndGlobalSection
	GlobalSection(SolutionProperties) = preSolution
		HideSolutionNode = FALSE
	EndGlobalSection
	GlobalSection(ExtensibilityGlobals) = postSolution
		SolutionGuid = {C5E77EFC-ECBE-4376-AFA0-F321C9491C39}
	EndGlobalSection
EndGlobal
